
Microsoft Visual Studio Solution File, Format Version 12.00
# Visual Studio Version 17
VisualStudioVersion = 17.14.36811.4
MinimumVisualStudioVersion = 10.0.40219.1
Project("{FAE04EC0-301F-11D3-BF4B-00C04F79EFBC}") = "ECommerceAppUi", "ECommerceAppSolution\ECommerceAppUi.csproj", "{9FD09339-DC72-44A0-8233-573EEB0E1DA7}"
EndProject
Project("{FAE04EC0-301F-11D3-BF4B-00C04F79EFBC}") = "ECommerceApp.Core", "ECommerceApp.Core\ECommerceApp.Core.csproj", "{8A7F45FD-37D9-402F-A9A9-F3C046E83581}"
EndProject
Project("{FAE04EC0-301F-11D3-BF4B-00C04F79EFBC}") = "ECommerceApp.Services", "ECommerceApp.Services\ECommerceApp.Services.csproj", "{33D046C1-D440-4E03-BEC9-CC3A0FD6A77E}"
EndProject
Project("{FAE04EC0-301F-11D3-BF4B-00C04F79EFBC}") = "ECommerceApp.Repository", "ECommerceApp.Repository\ECommerceApp.Repository.csproj", "{36F1089F-6AC8-4713-8860-3A7EFAEB33CD}"
EndProject
Global
	GlobalSection(SolutionConfigurationPlatforms) = preSolution
		Debug|Any CPU = Debug|Any CPU
		Release|Any CPU = Release|Any CPU
	EndGlobalSection
	GlobalSection(ProjectConfigurationPlatforms) = postSolution
		{9FD09339-DC72-44A0-8233-573EEB0E1DA7}.Debug|Any CPU.ActiveCfg = Debug|Any CPU
		{9FD09339-DC72-44A0-8233-573EEB0E1DA7}.Debug|Any CPU.Build.0 = Debug|Any CPU
		{9FD09339-DC72-44A0-8233-573EEB0E1DA7}.Release|Any CPU.ActiveCfg = Release|Any CPU
		{9FD09339-DC72-44A0-8233-573EEB0E1DA7}.Release|Any CPU.Build.0 = Release|Any CPU
		{8A7F45FD-37D9-402F-A9A9-F3C046E83581}.Debug|Any CPU.ActiveCfg = Debug|Any CPU
		{8A7F45FD-37D9-402F-A9A9-F3C046E83581}.Debug|Any CPU.Build.0 = Debug|Any CPU
		{8A7F45FD-37D9-402F-A9A9-F3C046E83581}.Release|Any CPU.ActiveCfg = Release|Any CPU
		{8A7F45FD-37D9-402F-A9A9-F3C046E83581}.Release|Any CPU.Build.0 = Release|Any CPU
		{33D046C1-D440-4E03-BEC9-CC3A0FD6A77E}.Debug|Any CPU.ActiveCfg = Debug|Any CPU
		{33D046C1-D440-4E03-BEC9-CC3A0FD6A77E}.Debug|Any CPU.Build.0 = Debug|Any CPU
		{33D046C1-D440-4E03-BEC9-CC3A0FD6A77E}.Release|Any CPU.ActiveCfg = Release|Any CPU
		{33D046C1-D440-4E03-BEC9-CC3A0FD6A77E}.Release|Any CPU.Build.0 = Release|Any CPU
		{36F1089F-6AC8-4713-8860-3A7EFAEB33CD}.Debug|Any CPU.ActiveCfg = Debug|Any CPU
		{36F1089F-6AC8-4713-8860-3A7EFAEB33CD}.Debug|Any CPU.Build.0 = Debug|Any CPU
		{36F1089F-6AC8-4713-8860-3A7EFAEB33CD}.Release|Any CPU.ActiveCfg = Release|Any CPU
		{36F1089F-6AC8-4713-8860-3A7EFAEB33CD}.Release|Any CPU.Build.0 = Release|Any CPU
	EndGlobalSection
	GlobalSection(SolutionProperties) = preSolution
		HideSolutionNode = FALSE
	EndGlobalSection
	GlobalSection(ExtensibilityGlobals) = postSolution
		SolutionGuid = {CBFB19A8-BE45-4120-8751-A398F6EA6D75}
	EndGlobalSection
EndGlobal
